
Microsoft Visual Studio Solution File, Format Version 12.00
# Visual Studio Version 17
VisualStudioVersion = 17.11.35327.3
MinimumVisualStudioVersion = 10.0.40219.1
Project("{FAE04EC0-301F-11D3-BF4B-00C04F79EFBC}") = "EventStreamCleaner", "EventStreamCleaner.csproj", "{0BC7265B-A4A3-48DF-97E4-49EF7862DDBF}"
EndProject
Global
	GlobalSection(SolutionConfigurationPlatforms) = preSolution
		Debug|Any CPU = Debug|Any CPU
		Release|Any CPU = Release|Any CPU
	EndGlobalSection
	GlobalSection(ProjectConfigurationPlatforms) = postSolution
		{0BC7265B-A4A3-48DF-97E4-49EF7862DDBF}.Debug|Any CPU.ActiveCfg = Debug|Any CPU
		{0BC7265B-A4A3-48DF-97E4-49EF7862DDBF}.Debug|Any CPU.Build.0 = Debug|Any CPU
		{0BC7265B-A4A3-48DF-97E4-49EF7862DDBF}.Release|Any CPU.ActiveCfg = Release|Any CPU
		{0BC7265B-A4A3-48DF-97E4-49EF7862DDBF}.Release|Any CPU.Build.0 = Release|Any CPU
	EndGlobalSection
	GlobalSection(SolutionProperties) = preSolution
		HideSolutionNode = FALSE
	EndGlobalSection
	GlobalSection(ExtensibilityGlobals) = postSolution
		SolutionGuid = {D7B2A10F-F5D5-480F-A784-DA0A7B7090F7}
	EndGlobalSection
EndGlobal
